
Microsoft Visual Studio Solution File, Format Version 12.00
# Visual Studio 14
VisualStudioVersion = 14.0.25123.0
MinimumVisualStudioVersion = 10.0.40219.1
Project("{FAE04EC0-301F-11D3-BF4B-00C04F79EFBC}") = "SnackBarSupport", "SnackBarSupport\SnackBarSupport.csproj", "{97734951-5DCC-46D7-8BD7-11C186EB9657}"
EndProject
Project("{FAE04EC0-301F-11D3-BF4B-00C04F79EFBC}") = "SnackBarSupport.Tests", "SnackBarSupport.Tests\SnackBarSupport.Tests.csproj", "{00DB121A-A368-4381-A2D3-440E1E812CA6}"
EndProject
Global
	GlobalSection(SolutionConfigurationPlatforms) = preSolution
		Debug|Any CPU = Debug|Any CPU
		Release|Any CPU = Release|Any CPU
	EndGlobalSection
	GlobalSection(ProjectConfigurationPlatforms) = postSolution
		{97734951-5DCC-46D7-8BD7-11C186EB9657}.Debug|Any CPU.ActiveCfg = Debug|Any CPU
		{97734951-5DCC-46D7-8BD7-11C186EB9657}.Debug|Any CPU.Build.0 = Debug|Any CPU
		{97734951-5DCC-46D7-8BD7-11C186EB9657}.Release|Any CPU.ActiveCfg = Release|Any CPU
		{97734951-5DCC-46D7-8BD7-11C186EB9657}.Release|Any CPU.Build.0 = Release|Any CPU
		{00DB121A-A368-4381-A2D3-440E1E812CA6}.Debug|Any CPU.ActiveCfg = Debug|Any CPU
		{00DB121A-A368-4381-A2D3-440E1E812CA6}.Debug|Any CPU.Build.0 = Debug|Any CPU
		{00DB121A-A368-4381-A2D3-440E1E812CA6}.Release|Any CPU.ActiveCfg = Release|Any CPU
		{00DB121A-A368-4381-A2D3-440E1E812CA6}.Release|Any CPU.Build.0 = Release|Any CPU
	EndGlobalSection
	GlobalSection(SolutionProperties) = preSolution
		HideSolutionNode = FALSE
	EndGlobalSection
EndGlobal
